// !$*UTF8*$!
{
	archiveVersion = 1;
	classes = {
	};
	objectVersion = 46;
	objects = {

/* Begin PBXBuildFile section */
		24ABEE361AC519DD005B356C /* AppDelegate.swift in Sources */ = {isa = PBXBuildFile; fileRef = 24ABEE351AC519DD005B356C /* AppDelegate.swift */; };
		24ABEE381AC519DD005B356C /* ViewController.swift in Sources */ = {isa = PBXBuildFile; fileRef = 24ABEE371AC519DD005B356C /* ViewController.swift */; };
		24ABEE3B1AC519DD005B356C /* Main.storyboard in Resources */ = {isa = PBXBuildFile; fileRef = 24ABEE391AC519DD005B356C /* Main.storyboard */; };
		24ABEE3D1AC519DD005B356C /* Images.xcassets in Resources */ = {isa = PBXBuildFile; fileRef = 24ABEE3C1AC519DD005B356C /* Images.xcassets */; };
		24ABEE401AC519DD005B356C /* LaunchScreen.xib in Resources */ = {isa = PBXBuildFile; fileRef = 24ABEE3E1AC519DD005B356C /* LaunchScreen.xib */; };
		24ABEE4C1AC519DD005B356C /* CuriousTests.swift in Sources */ = {isa = PBXBuildFile; fileRef = 24ABEE4B1AC519DD005B356C /* CuriousTests.swift */; };
		24ABEE561AC52C94005B356C /* HomeViewController.swift in Sources */ = {isa = PBXBuildFile; fileRef = 24ABEE551AC52C94005B356C /* HomeViewController.swift */; };
		24ABEE581AC52E3C005B356C /* ProjectCell.swift in Sources */ = {isa = PBXBuildFile; fileRef = 24ABEE571AC52E3C005B356C /* ProjectCell.swift */; };
		24ABEE5A1AC52F4A005B356C /* DetailViewController.swift in Sources */ = {isa = PBXBuildFile; fileRef = 24ABEE591AC52F4A005B356C /* DetailViewController.swift */; };
		24ABEE5E1AC53036005B356C /* Edmondsans-Medium.otf in Resources */ = {isa = PBXBuildFile; fileRef = 24ABEE5B1AC53036005B356C /* Edmondsans-Medium.otf */; };
		24ABEE5F1AC53036005B356C /* Edmondsans-Bold.otf in Resources */ = {isa = PBXBuildFile; fileRef = 24ABEE5C1AC53036005B356C /* Edmondsans-Bold.otf */; };
		24ABEE601AC53036005B356C /* Edmondsans-Regular.otf in Resources */ = {isa = PBXBuildFile; fileRef = 24ABEE5D1AC53036005B356C /* Edmondsans-Regular.otf */; };
		24ABEE621AC530D9005B356C /* Common.swift in Sources */ = {isa = PBXBuildFile; fileRef = 24ABEE611AC530D9005B356C /* Common.swift */; };
		24BAA7B41AC5B3FA000032DE /* LoremSwiftum.swift in Sources */ = {isa = PBXBuildFile; fileRef = 24BAA7B31AC5B3FA000032DE /* LoremSwiftum.swift */; };
		24BAA7B61AC66F70000032DE /* LoginViewController.swift in Sources */ = {isa = PBXBuildFile; fileRef = 24BAA7B51AC66F70000032DE /* LoginViewController.swift */; };
		2B129E1D1ACA533000D752ED /* Podfile in Resources */ = {isa = PBXBuildFile; fileRef = 2B129E1C1ACA533000D752ED /* Podfile */; };
		2B6E6C551ACB40C10054E4D9 /* CartViewController.swift in Sources */ = {isa = PBXBuildFile; fileRef = 2B6E6C541ACB40C10054E4D9 /* CartViewController.swift */; };
		2B6E6C571ACB5BCA0054E4D9 /* QuantityViewController.swift in Sources */ = {isa = PBXBuildFile; fileRef = 2B6E6C561ACB5BCA0054E4D9 /* QuantityViewController.swift */; };
		39AF5E0EB49D963D2F384837 /* Pods.framework in Frameworks */ = {isa = PBXBuildFile; fileRef = AC55EEA653FF07B292755B93 /* Pods.framework */; settings = {ATTRIBUTES = (Weak, ); }; };
		5E6D75021ACBC1240092976A /* CheckOutViewController.swift in Sources */ = {isa = PBXBuildFile; fileRef = 5E6D75011ACBC1240092976A /* CheckOutViewController.swift */; };
/* End PBXBuildFile section */

/* Begin PBXContainerItemProxy section */
		24ABEE461AC519DD005B356C /* PBXContainerItemProxy */ = {
			isa = PBXContainerItemProxy;
			containerPortal = 24ABEE281AC519DC005B356C /* Project object */;
			proxyType = 1;
			remoteGlobalIDString = 24ABEE2F1AC519DD005B356C;
			remoteInfo = Curious;
		};
/* End PBXContainerItemProxy section */

/* Begin PBXFileReference section */
		24ABEE301AC519DD005B356C /* Curious.app */ = {isa = PBXFileReference; explicitFileType = wrapper.application; includeInIndex = 0; path = Curious.app; sourceTree = BUILT_PRODUCTS_DIR; };
		24ABEE341AC519DD005B356C /* Info.plist */ = {isa = PBXFileReference; lastKnownFileType = text.plist.xml; path = Info.plist; sourceTree = "<group>"; };
		24ABEE351AC519DD005B356C /* AppDelegate.swift */ = {isa = PBXFileReference; lastKnownFileType = sourcecode.swift; path = AppDelegate.swift; sourceTree = "<group>"; };
		24ABEE371AC519DD005B356C /* ViewController.swift */ = {isa = PBXFileReference; lastKnownFileType = sourcecode.swift; path = ViewController.swift; sourceTree = "<group>"; };
		24ABEE3A1AC519DD005B356C /* Base */ = {isa = PBXFileReference; lastKnownFileType = file.storyboard; name = Base; path = Base.lproj/Main.storyboard; sourceTree = "<group>"; };
		24ABEE3C1AC519DD005B356C /* Images.xcassets */ = {isa = PBXFileReference; lastKnownFileType = folder.assetcatalog; path = Images.xcassets; sourceTree = "<group>"; };
		24ABEE3F1AC519DD005B356C /* Base */ = {isa = PBXFileReference; lastKnownFileType = file.xib; name = Base; path = Base.lproj/LaunchScreen.xib; sourceTree = "<group>"; };
		24ABEE451AC519DD005B356C /* CuriousTests.xctest */ = {isa = PBXFileReference; explicitFileType = wrapper.cfbundle; includeInIndex = 0; path = CuriousTests.xctest; sourceTree = BUILT_PRODUCTS_DIR; };
		24ABEE4A1AC519DD005B356C /* Info.plist */ = {isa = PBXFileReference; lastKnownFileType = text.plist.xml; path = Info.plist; sourceTree = "<group>"; };
		24ABEE4B1AC519DD005B356C /* CuriousTests.swift */ = {isa = PBXFileReference; lastKnownFileType = sourcecode.swift; path = CuriousTests.swift; sourceTree = "<group>"; };
		24ABEE551AC52C94005B356C /* HomeViewController.swift */ = {isa = PBXFileReference; fileEncoding = 4; lastKnownFileType = sourcecode.swift; path = HomeViewController.swift; sourceTree = "<group>"; };
		24ABEE571AC52E3C005B356C /* ProjectCell.swift */ = {isa = PBXFileReference; fileEncoding = 4; lastKnownFileType = sourcecode.swift; path = ProjectCell.swift; sourceTree = "<group>"; };
		24ABEE591AC52F4A005B356C /* DetailViewController.swift */ = {isa = PBXFileReference; fileEncoding = 4; lastKnownFileType = sourcecode.swift; path = DetailViewController.swift; sourceTree = "<group>"; };
		24ABEE5B1AC53036005B356C /* Edmondsans-Medium.otf */ = {isa = PBXFileReference; lastKnownFileType = file; path = "Edmondsans-Medium.otf"; sourceTree = "<group>"; };
		24ABEE5C1AC53036005B356C /* Edmondsans-Bold.otf */ = {isa = PBXFileReference; lastKnownFileType = file; path = "Edmondsans-Bold.otf"; sourceTree = "<group>"; };
		24ABEE5D1AC53036005B356C /* Edmondsans-Regular.otf */ = {isa = PBXFileReference; lastKnownFileType = file; path = "Edmondsans-Regular.otf"; sourceTree = "<group>"; };
		24ABEE611AC530D9005B356C /* Common.swift */ = {isa = PBXFileReference; fileEncoding = 4; lastKnownFileType = sourcecode.swift; path = Common.swift; sourceTree = "<group>"; };
		24BAA7B31AC5B3FA000032DE /* LoremSwiftum.swift */ = {isa = PBXFileReference; fileEncoding = 4; lastKnownFileType = sourcecode.swift; path = LoremSwiftum.swift; sourceTree = "<group>"; };
		24BAA7B51AC66F70000032DE /* LoginViewController.swift */ = {isa = PBXFileReference; fileEncoding = 4; lastKnownFileType = sourcecode.swift; path = LoginViewController.swift; sourceTree = "<group>"; };
		2B129E1C1ACA533000D752ED /* Podfile */ = {isa = PBXFileReference; fileEncoding = 4; lastKnownFileType = text; path = Podfile; sourceTree = "<group>"; };
		2B6E6C541ACB40C10054E4D9 /* CartViewController.swift */ = {isa = PBXFileReference; fileEncoding = 4; lastKnownFileType = sourcecode.swift; path = CartViewController.swift; sourceTree = "<group>"; };
		2B6E6C561ACB5BCA0054E4D9 /* QuantityViewController.swift */ = {isa = PBXFileReference; fileEncoding = 4; lastKnownFileType = sourcecode.swift; path = QuantityViewController.swift; sourceTree = "<group>"; };
		2E12F53F669391282825867C /* Pods.debug.xcconfig */ = {isa = PBXFileReference; includeInIndex = 1; lastKnownFileType = text.xcconfig; name = Pods.debug.xcconfig; path = "Pods/Target Support Files/Pods/Pods.debug.xcconfig"; sourceTree = "<group>"; };
		5E6D75011ACBC1240092976A /* CheckOutViewController.swift */ = {isa = PBXFileReference; fileEncoding = 4; lastKnownFileType = sourcecode.swift; path = CheckOutViewController.swift; sourceTree = "<group>"; };
		AC55EEA653FF07B292755B93 /* Pods.framework */ = {isa = PBXFileReference; explicitFileType = wrapper.framework; includeInIndex = 0; path = Pods.framework; sourceTree = BUILT_PRODUCTS_DIR; };
		E4875F80F26C42615FC65428 /* Pods.release.xcconfig */ = {isa = PBXFileReference; includeInIndex = 1; lastKnownFileType = text.xcconfig; name = Pods.release.xcconfig; path = "Pods/Target Support Files/Pods/Pods.release.xcconfig"; sourceTree = "<group>"; };
/* End PBXFileReference section */

/* Begin PBXFrameworksBuildPhase section */
		24ABEE2D1AC519DD005B356C /* Frameworks */ = {
			isa = PBXFrameworksBuildPhase;
			buildActionMask = 2147483647;
			files = (
				39AF5E0EB49D963D2F384837 /* Pods.framework in Frameworks */,
			);
			runOnlyForDeploymentPostprocessing = 0;
		};
		24ABEE421AC519DD005B356C /* Frameworks */ = {
			isa = PBXFrameworksBuildPhase;
			buildActionMask = 2147483647;
			files = (
			);
			runOnlyForDeploymentPostprocessing = 0;
		};
/* End PBXFrameworksBuildPhase section */

/* Begin PBXGroup section */
		24ABEE271AC519DC005B356C = {
			isa = PBXGroup;
			children = (
				2B129E1C1ACA533000D752ED /* Podfile */,
				24ABEE321AC519DD005B356C /* Curious */,
				24ABEE481AC519DD005B356C /* CuriousTests */,
				24ABEE311AC519DD005B356C /* Products */,
				36957FD37B91240348C58D29 /* Pods */,
				AE8B9F0643E35F363D72BA3C /* Frameworks */,
			);
			sourceTree = "<group>";
		};
		24ABEE311AC519DD005B356C /* Products */ = {
			isa = PBXGroup;
			children = (
				24ABEE301AC519DD005B356C /* Curious.app */,
				24ABEE451AC519DD005B356C /* CuriousTests.xctest */,
			);
			name = Products;
			sourceTree = "<group>";
		};
		24ABEE321AC519DD005B356C /* Curious */ = {
			isa = PBXGroup;
			children = (
				24ABEE5B1AC53036005B356C /* Edmondsans-Medium.otf */,
				24ABEE5C1AC53036005B356C /* Edmondsans-Bold.otf */,
				24ABEE5D1AC53036005B356C /* Edmondsans-Regular.otf */,
				24ABEE611AC530D9005B356C /* Common.swift */,
				24ABEE351AC519DD005B356C /* AppDelegate.swift */,
				24ABEE371AC519DD005B356C /* ViewController.swift */,
				2B6E6C541ACB40C10054E4D9 /* CartViewController.swift */,
				24ABEE391AC519DD005B356C /* Main.storyboard */,
				5E6D75011ACBC1240092976A /* CheckOutViewController.swift */,
				24ABEE3C1AC519DD005B356C /* Images.xcassets */,
				24ABEE3E1AC519DD005B356C /* LaunchScreen.xib */,
				24ABEE331AC519DD005B356C /* Supporting Files */,
				24ABEE551AC52C94005B356C /* HomeViewController.swift */,
				24ABEE571AC52E3C005B356C /* ProjectCell.swift */,
				2B6E6C561ACB5BCA0054E4D9 /* QuantityViewController.swift */,
				24ABEE591AC52F4A005B356C /* DetailViewController.swift */,
				24BAA7B31AC5B3FA000032DE /* LoremSwiftum.swift */,
				24BAA7B51AC66F70000032DE /* LoginViewController.swift */,
			);
			path = Curious;
			sourceTree = "<group>";
		};
		24ABEE331AC519DD005B356C /* Supporting Files */ = {
			isa = PBXGroup;
			children = (
				24ABEE341AC519DD005B356C /* Info.plist */,
			);
			name = "Supporting Files";
			sourceTree = "<group>";
		};
		24ABEE481AC519DD005B356C /* CuriousTests */ = {
			isa = PBXGroup;
			children = (
				24ABEE4B1AC519DD005B356C /* CuriousTests.swift */,
				24ABEE491AC519DD005B356C /* Supporting Files */,
			);
			path = CuriousTests;
			sourceTree = "<group>";
		};
		24ABEE491AC519DD005B356C /* Supporting Files */ = {
			isa = PBXGroup;
			children = (
				24ABEE4A1AC519DD005B356C /* Info.plist */,
			);
			name = "Supporting Files";
			sourceTree = "<group>";
		};
		36957FD37B91240348C58D29 /* Pods */ = {
			isa = PBXGroup;
			children = (
				2E12F53F669391282825867C /* Pods.debug.xcconfig */,
				E4875F80F26C42615FC65428 /* Pods.release.xcconfig */,
			);
			name = Pods;
			sourceTree = "<group>";
		};
		AE8B9F0643E35F363D72BA3C /* Frameworks */ = {
			isa = PBXGroup;
			children = (
				AC55EEA653FF07B292755B93 /* Pods.framework */,
			);
			name = Frameworks;
			sourceTree = "<group>";
		};
/* End PBXGroup section */

/* Begin PBXNativeTarget section */
		24ABEE2F1AC519DD005B356C /* Curious */ = {
			isa = PBXNativeTarget;
			buildConfigurationList = 24ABEE4F1AC519DD005B356C /* Build configuration list for PBXNativeTarget "Curious" */;
			buildPhases = (
				7433A6E53D6C9FE51876F43A /* Check Pods Manifest.lock */,
				24ABEE2C1AC519DD005B356C /* Sources */,
				24ABEE2D1AC519DD005B356C /* Frameworks */,
				24ABEE2E1AC519DD005B356C /* Resources */,
				527F6955529C7D02AE055BD9 /* Embed Pods Frameworks */,
				F99874F09135195F91465B69 /* Copy Pods Resources */,
			);
			buildRules = (
			);
			dependencies = (
			);
			name = Curious;
			productName = Curious;
			productReference = 24ABEE301AC519DD005B356C /* Curious.app */;
			productType = "com.apple.product-type.application";
		};
		24ABEE441AC519DD005B356C /* CuriousTests */ = {
			isa = PBXNativeTarget;
			buildConfigurationList = 24ABEE521AC519DD005B356C /* Build configuration list for PBXNativeTarget "CuriousTests" */;
			buildPhases = (
				24ABEE411AC519DD005B356C /* Sources */,
				24ABEE421AC519DD005B356C /* Frameworks */,
				24ABEE431AC519DD005B356C /* Resources */,
			);
			buildRules = (
			);
			dependencies = (
				24ABEE471AC519DD005B356C /* PBXTargetDependency */,
			);
			name = CuriousTests;
			productName = CuriousTests;
			productReference = 24ABEE451AC519DD005B356C /* CuriousTests.xctest */;
			productType = "com.apple.product-type.bundle.unit-test";
		};
/* End PBXNativeTarget section */

/* Begin PBXProject section */
		24ABEE281AC519DC005B356C /* Project object */ = {
			isa = PBXProject;
			attributes = {
				LastUpgradeCheck = 0620;
				ORGANIZATIONNAME = DIY;
				TargetAttributes = {
					24ABEE2F1AC519DD005B356C = {
						CreatedOnToolsVersion = 6.2;
					};
					24ABEE441AC519DD005B356C = {
						CreatedOnToolsVersion = 6.2;
						TestTargetID = 24ABEE2F1AC519DD005B356C;
					};
				};
			};
			buildConfigurationList = 24ABEE2B1AC519DC005B356C /* Build configuration list for PBXProject "Curious" */;
			compatibilityVersion = "Xcode 3.2";
			developmentRegion = English;
			hasScannedForEncodings = 0;
			knownRegions = (
				en,
				Base,
			);
			mainGroup = 24ABEE271AC519DC005B356C;
			productRefGroup = 24ABEE311AC519DD005B356C /* Products */;
			projectDirPath = "";
			projectRoot = "";
			targets = (
				24ABEE2F1AC519DD005B356C /* Curious */,
				24ABEE441AC519DD005B356C /* CuriousTests */,
			);
		};
/* End PBXProject section */

/* Begin PBXResourcesBuildPhase section */
		24ABEE2E1AC519DD005B356C /* Resources */ = {
			isa = PBXResourcesBuildPhase;
			buildActionMask = 2147483647;
			files = (
				24ABEE5F1AC53036005B356C /* Edmondsans-Bold.otf in Resources */,
				24ABEE3B1AC519DD005B356C /* Main.storyboard in Resources */,
				24ABEE601AC53036005B356C /* Edmondsans-Regular.otf in Resources */,
				24ABEE401AC519DD005B356C /* LaunchScreen.xib in Resources */,
				24ABEE5E1AC53036005B356C /* Edmondsans-Medium.otf in Resources */,
				2B129E1D1ACA533000D752ED /* Podfile in Resources */,
				24ABEE3D1AC519DD005B356C /* Images.xcassets in Resources */,
			);
			runOnlyForDeploymentPostprocessing = 0;
		};
		24ABEE431AC519DD005B356C /* Resources */ = {
			isa = PBXResourcesBuildPhase;
			buildActionMask = 2147483647;
			files = (
			);
			runOnlyForDeploymentPostprocessing = 0;
		};
/* End PBXResourcesBuildPhase section */

/* Begin PBXShellScriptBuildPhase section */
		527F6955529C7D02AE055BD9 /* Embed Pods Frameworks */ = {
			isa = PBXShellScriptBuildPhase;
			buildActionMask = 2147483647;
			files = (
			);
			inputPaths = (
			);
			name = "Embed Pods Frameworks";
			outputPaths = (
			);
			runOnlyForDeploymentPostprocessing = 0;
			shellPath = /bin/sh;
			shellScript = "\"${SRCROOT}/Pods/Target Support Files/Pods/Pods-frameworks.sh\"\n";
			showEnvVarsInLog = 0;
		};
		7433A6E53D6C9FE51876F43A /* Check Pods Manifest.lock */ = {
			isa = PBXShellScriptBuildPhase;
			buildActionMask = 2147483647;
			files = (
			);
			inputPaths = (
			);
			name = "Check Pods Manifest.lock";
			outputPaths = (
			);
			runOnlyForDeploymentPostprocessing = 0;
			shellPath = /bin/sh;
			shellScript = "diff \"${PODS_ROOT}/../Podfile.lock\" \"${PODS_ROOT}/Manifest.lock\" > /dev/null\nif [[ $? != 0 ]] ; then\n    cat << EOM\nerror: The sandbox is not in sync with the Podfile.lock. Run 'pod install' or update your CocoaPods installation.\nEOM\n    exit 1\nfi\n";
			showEnvVarsInLog = 0;
		};
		F99874F09135195F91465B69 /* Copy Pods Resources */ = {
			isa = PBXShellScriptBuildPhase;
			buildActionMask = 2147483647;
			files = (
			);
			inputPaths = (
			);
			name = "Copy Pods Resources";
			outputPaths = (
			);
			runOnlyForDeploymentPostprocessing = 0;
			shellPath = /bin/sh;
			shellScript = "\"${SRCROOT}/Pods/Target Support Files/Pods/Pods-resources.sh\"\n";
			showEnvVarsInLog = 0;
		};
/* End PBXShellScriptBuildPhase section */

/* Begin PBXSourcesBuildPhase section */
		24ABEE2C1AC519DD005B356C /* Sources */ = {
			isa = PBXSourcesBuildPhase;
			buildActionMask = 2147483647;
			files = (
				5E6D75021ACBC1240092976A /* CheckOutViewController.swift in Sources */,
				24ABEE381AC519DD005B356C /* ViewController.swift in Sources */,
				24BAA7B41AC5B3FA000032DE /* LoremSwiftum.swift in Sources */,
				24ABEE361AC519DD005B356C /* AppDelegate.swift in Sources */,
				24ABEE5A1AC52F4A005B356C /* DetailViewController.swift in Sources */,
				24BAA7B61AC66F70000032DE /* LoginViewController.swift in Sources */,
				24ABEE561AC52C94005B356C /* HomeViewController.swift in Sources */,
				24ABEE621AC530D9005B356C /* Common.swift in Sources */,
				2B6E6C571ACB5BCA0054E4D9 /* QuantityViewController.swift in Sources */,
				2B6E6C551ACB40C10054E4D9 /* CartViewController.swift in Sources */,
				24ABEE581AC52E3C005B356C /* ProjectCell.swift in Sources */,
			);
			runOnlyForDeploymentPostprocessing = 0;
		};
		24ABEE411AC519DD005B356C /* Sources */ = {
			isa = PBXSourcesBuildPhase;
			buildActionMask = 2147483647;
			files = (
				24ABEE4C1AC519DD005B356C /* CuriousTests.swift in Sources */,
			);
			runOnlyForDeploymentPostprocessing = 0;
		};
/* End PBXSourcesBuildPhase section */

/* Begin PBXTargetDependency section */
		24ABEE471AC519DD005B356C /* PBXTargetDependency */ = {
			isa = PBXTargetDependency;
			target = 24ABEE2F1AC519DD005B356C /* Curious */;
			targetProxy = 24ABEE461AC519DD005B356C /* PBXContainerItemProxy */;
		};
/* End PBXTargetDependency section */

/* Begin PBXVariantGroup section */
		24ABEE391AC519DD005B356C /* Main.storyboard */ = {
			isa = PBXVariantGroup;
			children = (
				24ABEE3A1AC519DD005B356C /* Base */,
			);
			name = Main.storyboard;
			sourceTree = "<group>";
		};
		24ABEE3E1AC519DD005B356C /* LaunchScreen.xib */ = {
			isa = PBXVariantGroup;
			children = (
				24ABEE3F1AC519DD005B356C /* Base */,
			);
			name = LaunchScreen.xib;
			sourceTree = "<group>";
		};
/* End PBXVariantGroup section */

/* Begin XCBuildConfiguration section */
		24ABEE4D1AC519DD005B356C /* Debug */ = {
			isa = XCBuildConfiguration;
			buildSettings = {
				ALWAYS_SEARCH_USER_PATHS = NO;
				CLANG_CXX_LANGUAGE_STANDARD = "gnu++0x";
				CLANG_CXX_LIBRARY = "libc++";
				CLANG_ENABLE_MODULES = YES;
				CLANG_ENABLE_OBJC_ARC = YES;
				CLANG_WARN_BOOL_CONVERSION = YES;
				CLANG_WARN_CONSTANT_CONVERSION = YES;
				CLANG_WARN_DIRECT_OBJC_ISA_USAGE = YES_ERROR;
				CLANG_WARN_EMPTY_BODY = YES;
				CLANG_WARN_ENUM_CONVERSION = YES;
				CLANG_WARN_INT_CONVERSION = YES;
				CLANG_WARN_OBJC_ROOT_CLASS = YES_ERROR;
				CLANG_WARN_UNREACHABLE_CODE = YES;
				CLANG_WARN__DUPLICATE_METHOD_MATCH = YES;
				"CODE_SIGN_IDENTITY[sdk=iphoneos*]" = "iPhone Developer";
				COPY_PHASE_STRIP = NO;
				ENABLE_STRICT_OBJC_MSGSEND = YES;
				GCC_C_LANGUAGE_STANDARD = gnu99;
				GCC_DYNAMIC_NO_PIC = NO;
				GCC_OPTIMIZATION_LEVEL = 0;
				GCC_PREPROCESSOR_DEFINITIONS = (
					"DEBUG=1",
					"$(inherited)",
				);
				GCC_SYMBOLS_PRIVATE_EXTERN = NO;
				GCC_WARN_64_TO_32_BIT_CONVERSION = YES;
				GCC_WARN_ABOUT_RETURN_TYPE = YES_ERROR;
				GCC_WARN_UNDECLARED_SELECTOR = YES;
				GCC_WARN_UNINITIALIZED_AUTOS = YES_AGGRESSIVE;
				GCC_WARN_UNUSED_FUNCTION = YES;
				GCC_WARN_UNUSED_VARIABLE = YES;
				IPHONEOS_DEPLOYMENT_TARGET = 8.2;
				MTL_ENABLE_DEBUG_INFO = YES;
				ONLY_ACTIVE_ARCH = YES;
				SDKROOT = iphoneos;
				SWIFT_OPTIMIZATION_LEVEL = "-Onone";
			};
			name = Debug;
		};
		24ABEE4E1AC519DD005B356C /* Release */ = {
			isa = XCBuildConfiguration;
			buildSettings = {
				ALWAYS_SEARCH_USER_PATHS = NO;
				CLANG_CXX_LANGUAGE_STANDARD = "gnu++0x";
				CLANG_CXX_LIBRARY = "libc++";
				CLANG_ENABLE_MODULES = YES;
				CLANG_ENABLE_OBJC_ARC = YES;
				CLANG_WARN_BOOL_CONVERSION = YES;
				CLANG_WARN_CONSTANT_CONVERSION = YES;
				CLANG_WARN_DIRECT_OBJC_ISA_USAGE = YES_ERROR;
				CLANG_WARN_EMPTY_BODY = YES;
				CLANG_WARN_ENUM_CONVERSION = YES;
				CLANG_WARN_INT_CONVERSION = YES;
				CLANG_WARN_OBJC_ROOT_CLASS = YES_ERROR;
				CLANG_WARN_UNREACHABLE_CODE = YES;
				CLANG_WARN__DUPLICATE_METHOD_MATCH = YES;
				"CODE_SIGN_IDENTITY[sdk=iphoneos*]" = "iPhone Developer";
				COPY_PHASE_STRIP = NO;
				ENABLE_NS_ASSERTIONS = NO;
				ENABLE_STRICT_OBJC_MSGSEND = YES;
				GCC_C_LANGUAGE_STANDARD = gnu99;
				GCC_WARN_64_TO_32_BIT_CONVERSION = YES;
				GCC_WARN_ABOUT_RETURN_TYPE = YES_ERROR;
				GCC_WARN_UNDECLARED_SELECTOR = YES;
				GCC_WARN_UNINITIALIZED_AUTOS = YES_AGGRESSIVE;
				GCC_WARN_UNUSED_FUNCTION = YES;
				GCC_WARN_UNUSED_VARIABLE = YES;
				IPHONEOS_DEPLOYMENT_TARGET = 8.2;
				MTL_ENABLE_DEBUG_INFO = NO;
				SDKROOT = iphoneos;
				VALIDATE_PRODUCT = YES;
			};
			name = Release;
		};
		24ABEE501AC519DD005B356C /* Debug */ = {
			isa = XCBuildConfiguration;
			baseConfigurationReference = 2E12F53F669391282825867C /* Pods.debug.xcconfig */;
			buildSettings = {
				ASSETCATALOG_COMPILER_APPICON_NAME = AppIcon;
				INFOPLIST_FILE = Curious/Info.plist;
				IPHONEOS_DEPLOYMENT_TARGET = 8.2;
				LD_RUNPATH_SEARCH_PATHS = "$(inherited) @executable_path/Frameworks";
				PRODUCT_NAME = "$(TARGET_NAME)";
			};
			name = Debug;
		};
		24ABEE511AC519DD005B356C /* Release */ = {
			isa = XCBuildConfiguration;
			baseConfigurationReference = E4875F80F26C42615FC65428 /* Pods.release.xcconfig */;
			buildSettings = {
				ASSETCATALOG_COMPILER_APPICON_NAME = AppIcon;
				INFOPLIST_FILE = Curious/Info.plist;
				IPHONEOS_DEPLOYMENT_TARGET = 8.2;
				LD_RUNPATH_SEARCH_PATHS = "$(inherited) @executable_path/Frameworks";
				PRODUCT_NAME = "$(TARGET_NAME)";
			};
			name = Release;
		};
		24ABEE531AC519DD005B356C /* Debug */ = {
			isa = XCBuildConfiguration;
			buildSettings = {
				BUNDLE_LOADER = "$(TEST_HOST)";
				FRAMEWORK_SEARCH_PATHS = (
					"$(SDKROOT)/Developer/Library/Frameworks",
					"$(inherited)",
				);
				GCC_PREPROCESSOR_DEFINITIONS = (
					"DEBUG=1",
					"$(inherited)",
				);
				INFOPLIST_FILE = CuriousTests/Info.plist;
				LD_RUNPATH_SEARCH_PATHS = "$(inherited) @executable_path/Frameworks @loader_path/Frameworks";
				PRODUCT_NAME = "$(TARGET_NAME)";
				TEST_HOST = "$(BUILT_PRODUCTS_DIR)/Curious.app/Curious";
			};
			name = Debug;
		};
		24ABEE541AC519DD005B356C /* Release */ = {
			isa = XCBuildConfiguration;
			buildSettings = {
				BUNDLE_LOADER = "$(TEST_HOST)";
				FRAMEWORK_SEARCH_PATHS = (
					"$(SDKROOT)/Developer/Library/Frameworks",
					"$(inherited)",
				);
				INFOPLIST_FILE = CuriousTests/Info.plist;
				LD_RUNPATH_SEARCH_PATHS = "$(inherited) @executable_path/Frameworks @loader_path/Frameworks";
				PRODUCT_NAME = "$(TARGET_NAME)";
				TEST_HOST = "$(BUILT_PRODUCTS_DIR)/Curious.app/Curious";
			};
			name = Release;
		};
/* End XCBuildConfiguration section */

/* Begin XCConfigurationList section */
		24ABEE2B1AC519DC005B356C /* Build configuration list for PBXProject "Curious" */ = {
			isa = XCConfigurationList;
			buildConfigurations = (
				24ABEE4D1AC519DD005B356C /* Debug */,
				24ABEE4E1AC519DD005B356C /* Release */,
			);
			defaultConfigurationIsVisible = 0;
			defaultConfigurationName = Release;
		};
		24ABEE4F1AC519DD005B356C /* Build configuration list for PBXNativeTarget "Curious" */ = {
			isa = XCConfigurationList;
			buildConfigurations = (
				24ABEE501AC519DD005B356C /* Debug */,
				24ABEE511AC519DD005B356C /* Release */,
			);
			defaultConfigurationIsVisible = 0;
			defaultConfigurationName = Release;
		};
		24ABEE521AC519DD005B356C /* Build configuration list for PBXNativeTarget "CuriousTests" */ = {
			isa = XCConfigurationList;
			buildConfigurations = (
				24ABEE531AC519DD005B356C /* Debug */,
				24ABEE541AC519DD005B356C /* Release */,
			);
			defaultConfigurationIsVisible = 0;
			defaultConfigurationName = Release;
		};
/* End XCConfigurationList section */
	};
	rootObject = 24ABEE281AC519DC005B356C /* Project object */;
}
